
Microsoft Visual Studio Solution File, Format Version 12.00
# Visual Studio Version 16
VisualStudioVersion = 16.0.32228.343
MinimumVisualStudioVersion = 10.0.40219.1
Project("{2150E333-8FDC-42A3-9474-1A3956D46DE8}") = "UI", "UI", "{06249135-D9E5-4CFA-90BB-B6861ADA76D9}"
EndProject
Project("{FAE04EC0-301F-11D3-BF4B-00C04F79EFBC}") = "NORTHWIND", "NORTHWIND\NORTHWIND.csproj", "{61FD54A0-497F-4390-B847-D221B62CAB80}"
EndProject
Project("{2150E333-8FDC-42A3-9474-1A3956D46DE8}") = "BLL", "BLL", "{A38FA85C-F983-4BA9-9827-73DB236D7991}"
EndProject
Project("{2150E333-8FDC-42A3-9474-1A3956D46DE8}") = "DAL", "DAL", "{C8A5BB78-FCC3-48EB-9F92-CE25CE981E3C}"
EndProject
Project("{2150E333-8FDC-42A3-9474-1A3956D46DE8}") = "Common", "Common", "{65732B12-10E4-45F7-B722-5283C8439795}"
EndProject
Project("{2150E333-8FDC-42A3-9474-1A3956D46DE8}") = "VO", "VO", "{70DAF9B0-67D2-43F3-88C8-194B627876B6}"
EndProject
Project("{9A19103F-16F7-4668-BE54-9A1E7A4F7556}") = "NorthWind_BLL", "BLL\NorthWind_BLL\NorthWind_BLL.csproj", "{F828BFD2-A098-436F-B679-6E9904A33867}"
EndProject
Project("{9A19103F-16F7-4668-BE54-9A1E7A4F7556}") = "NorthWind_DAL", "DAL\NorthWind_DAL\NorthWind_DAL.csproj", "{A6CFC4EA-4E38-45A8-B581-29C43F281015}"
EndProject
Project("{9A19103F-16F7-4668-BE54-9A1E7A4F7556}") = "PromedioVentasVO", "Common\VO\PromedioVentasVO\PromedioVentasVO.csproj", "{2ECDCBB9-0EF6-4E41-BE58-598762DE2D5A}"
EndProject
Project("{9A19103F-16F7-4668-BE54-9A1E7A4F7556}") = "DetalleVentaVO", "Common\VO\DetalleVentaVO\DetalleVentaVO.csproj", "{CE8DD214-8766-4D44-808A-B318FF07F473}"
EndProject
Project("{9A19103F-16F7-4668-BE54-9A1E7A4F7556}") = "ListadoVentasVO", "Common\VO\ListadoVentasVO\ListadoVentasVO.csproj", "{F03FACE7-4581-4503-9FAB-2709014929A0}"
EndProject
Project("{9A19103F-16F7-4668-BE54-9A1E7A4F7556}") = "ProductosCarosVO", "Common\VO\ProductosCarosVO\ProductosCarosVO.csproj", "{B262BB17-0012-4818-BD7C-07F24BF3081A}"
EndProject
Project("{9A19103F-16F7-4668-BE54-9A1E7A4F7556}") = "VentasAnualesVO", "Common\VO\VentasAnualesVO\VentasAnualesVO.csproj", "{A3F381C7-706D-4D68-A40E-DB640018B83D}"
EndProject
Project("{9A19103F-16F7-4668-BE54-9A1E7A4F7556}") = "VentasOrdenadasVO", "Common\VO\VentasOrdenadasVO\VentasOrdenadasVO.csproj", "{9C2CFE13-267B-416A-84A7-4202CE8157F9}"
EndProject
Project("{9A19103F-16F7-4668-BE54-9A1E7A4F7556}") = "EstadoAPP", "Common\EstadoAPP\EstadoAPP.csproj", "{B876C818-77FD-46AB-8A63-A18598483998}"
EndProject
Project("{9A19103F-16F7-4668-BE54-9A1E7A4F7556}") = "NumeroEmpleadosVO", "Common\VO\NumeroEmpleadosVO\NumeroEmpleadosVO.csproj", "{7650CB6E-5553-4BC3-9A2D-81DF437A851A}"
EndProject
Project("{9A19103F-16F7-4668-BE54-9A1E7A4F7556}") = "EmpleadosMasVentas", "Common\VO\EmpleadosMasVentas\EmpleadosMasVentas.csproj", "{6EFCD999-6C4B-490B-BF4E-7D99D77DBEFA}"
EndProject
Project("{9A19103F-16F7-4668-BE54-9A1E7A4F7556}") = "GamaProductosVO", "Common\VO\GamaProductosVO\GamaProductosVO.csproj", "{C7EA48B2-AE9B-485A-BED0-B063BF27D386}"
EndProject
Project("{9A19103F-16F7-4668-BE54-9A1E7A4F7556}") = "EmpleadosVentasPeriodoVO", "Common\VO\EmpleadosVentasPeriodoVO\EmpleadosVentasPeriodoVO.csproj", "{086BD201-9B22-49F7-AF00-FAD9AE0A2831}"
EndProject
Project("{9A19103F-16F7-4668-BE54-9A1E7A4F7556}") = "ClientesProveedoresPorCiudadVO", "Common\VO\ClientesPorCiudadVO\ClientesProveedoresPorCiudadVO.csproj", "{21B361CB-3C5D-4EED-9BD0-663F49BA1486}"
EndProject
Project("{9A19103F-16F7-4668-BE54-9A1E7A4F7556}") = "CategoriasConMasProductosVO", "Common\VO\CategoriasConMasProductosVO\CategoriasConMasProductosVO.csproj", "{06B5C277-B682-4FF2-875D-186F6B8B84A0}"
EndProject
Project("{9A19103F-16F7-4668-BE54-9A1E7A4F7556}") = "CategoriasExistentesVO", "Common\VO\CategoriasExistentesVO\CategoriasExistentesVO.csproj", "{D437A5C8-5D7D-4730-A23F-1E18979F9F0D}"
EndProject
Project("{9A19103F-16F7-4668-BE54-9A1E7A4F7556}") = "ProductoEnCategoriaVO", "Common\VO\ProductoEnCategoriaVO\ProductoEnCategoriaVO.csproj", "{2C5BF4C2-77DE-47B3-85A0-0B0B96280485}"
EndProject
Project("{9A19103F-16F7-4668-BE54-9A1E7A4F7556}") = "BusquedaDataGridView", "Common\BusquedaDataGridView\BusquedaDataGridView.csproj", "{A992B52E-E7E0-47D0-A006-6974B08BC525}"
EndProject
Project("{9A19103F-16F7-4668-BE54-9A1E7A4F7556}") = "NumeroProveedoresVO", "Common\VO\NumeroProveedoresVO\NumeroProveedoresVO.csproj", "{C6D48863-5640-4BF3-9E0F-B6E992D57847}"
EndProject
Project("{9A19103F-16F7-4668-BE54-9A1E7A4F7556}") = "NumeroClientesVO", "Common\VO\NumeroClientesVO\NumeroClientesVO.csproj", "{8C4D9078-F936-4131-AB9A-8AD790FB1D61}"
EndProject
Project("{9A19103F-16F7-4668-BE54-9A1E7A4F7556}") = "NumeroProductosVO", "Common\VO\NumeroProductosVO\NumeroProductosVO.csproj", "{DC253F1A-2194-4415-8F1D-104CCA4056BF}"
EndProject
Project("{FAE04EC0-301F-11D3-BF4B-00C04F79EFBC}") = "DatosClientesVO", "Common\VO\DatosClientesVO\DatosClientesVO.csproj", "{3018040A-84B3-4BCA-95E1-CDA70A778205}"
EndProject
Project("{FAE04EC0-301F-11D3-BF4B-00C04F79EFBC}") = "IdPedidoVO", "Common\VO\IdPedidoVO\IdPedidoVO.csproj", "{7DC26659-FCE1-4C79-9945-BD6781840680}"
EndProject
Project("{2150E333-8FDC-42A3-9474-1A3956D46DE8}") = "docs", "docs", "{064F0B83-A24B-417D-A103-9483F92D3706}"
	ProjectSection(SolutionItems) = preProject
		docs\Help.chm = docs\Help.chm
	EndProjectSection
EndProject
Project("{54435603-DBB4-11D2-8724-00A0C9A8B90C}") = "Installer", "Installer\Installer.vdproj", "{8AE0B3D9-578E-4D1F-AD10-01D759AB227D}"
EndProject
Global
	GlobalSection(SolutionConfigurationPlatforms) = preSolution
		Debug|Any CPU = Debug|Any CPU
		Debug|x64 = Debug|x64
		Debug|x86 = Debug|x86
		Release|Any CPU = Release|Any CPU
		Release|x64 = Release|x64
		Release|x86 = Release|x86
	EndGlobalSection
	GlobalSection(ProjectConfigurationPlatforms) = postSolution
		{61FD54A0-497F-4390-B847-D221B62CAB80}.Debug|Any CPU.ActiveCfg = Debug|Any CPU
		{61FD54A0-497F-4390-B847-D221B62CAB80}.Debug|Any CPU.Build.0 = Debug|Any CPU
		{61FD54A0-497F-4390-B847-D221B62CAB80}.Debug|x64.ActiveCfg = Debug|Any CPU
		{61FD54A0-497F-4390-B847-D221B62CAB80}.Debug|x64.Build.0 = Debug|Any CPU
		{61FD54A0-497F-4390-B847-D221B62CAB80}.Debug|x86.ActiveCfg = Debug|x86
		{61FD54A0-497F-4390-B847-D221B62CAB80}.Debug|x86.Build.0 = Debug|x86
		{61FD54A0-497F-4390-B847-D221B62CAB80}.Release|Any CPU.ActiveCfg = Release|Any CPU
		{61FD54A0-497F-4390-B847-D221B62CAB80}.Release|Any CPU.Build.0 = Release|Any CPU
		{61FD54A0-497F-4390-B847-D221B62CAB80}.Release|x64.ActiveCfg = Release|Any CPU
		{61FD54A0-497F-4390-B847-D221B62CAB80}.Release|x64.Build.0 = Release|Any CPU
		{61FD54A0-497F-4390-B847-D221B62CAB80}.Release|x86.ActiveCfg = Release|x86
		{61FD54A0-497F-4390-B847-D221B62CAB80}.Release|x86.Build.0 = Release|x86
		{F828BFD2-A098-436F-B679-6E9904A33867}.Debug|Any CPU.ActiveCfg = Debug|Any CPU
		{F828BFD2-A098-436F-B679-6E9904A33867}.Debug|Any CPU.Build.0 = Debug|Any CPU
		{F828BFD2-A098-436F-B679-6E9904A33867}.Debug|x64.ActiveCfg = Debug|Any CPU
		{F828BFD2-A098-436F-B679-6E9904A33867}.Debug|x64.Build.0 = Debug|Any CPU
		{F828BFD2-A098-436F-B679-6E9904A33867}.Debug|x86.ActiveCfg = Debug|x86
		{F828BFD2-A098-436F-B679-6E9904A33867}.Debug|x86.Build.0 = Debug|x86
		{F828BFD2-A098-436F-B679-6E9904A33867}.Release|Any CPU.ActiveCfg = Release|Any CPU
		{F828BFD2-A098-436F-B679-6E9904A33867}.Release|Any CPU.Build.0 = Release|Any CPU
		{F828BFD2-A098-436F-B679-6E9904A33867}.Release|x64.ActiveCfg = Release|Any CPU
		{F828BFD2-A098-436F-B679-6E9904A33867}.Release|x64.Build.0 = Release|Any CPU
		{F828BFD2-A098-436F-B679-6E9904A33867}.Release|x86.ActiveCfg = Release|x86
		{F828BFD2-A098-436F-B679-6E9904A33867}.Release|x86.Build.0 = Release|x86
		{A6CFC4EA-4E38-45A8-B581-29C43F281015}.Debug|Any CPU.ActiveCfg = Debug|Any CPU
		{A6CFC4EA-4E38-45A8-B581-29C43F281015}.Debug|Any CPU.Build.0 = Debug|Any CPU
		{A6CFC4EA-4E38-45A8-B581-29C43F281015}.Debug|x64.ActiveCfg = Debug|Any CPU
		{A6CFC4EA-4E38-45A8-B581-29C43F281015}.Debug|x64.Build.0 = Debug|Any CPU
		{A6CFC4EA-4E38-45A8-B581-29C43F281015}.Debug|x86.ActiveCfg = Debug|x86
		{A6CFC4EA-4E38-45A8-B581-29C43F281015}.Debug|x86.Build.0 = Debug|x86
		{A6CFC4EA-4E38-45A8-B581-29C43F281015}.Release|Any CPU.ActiveCfg = Release|Any CPU
		{A6CFC4EA-4E38-45A8-B581-29C43F281015}.Release|Any CPU.Build.0 = Release|Any CPU
		{A6CFC4EA-4E38-45A8-B581-29C43F281015}.Release|x64.ActiveCfg = Release|Any CPU
		{A6CFC4EA-4E38-45A8-B581-29C43F281015}.Release|x64.Build.0 = Release|Any CPU
		{A6CFC4EA-4E38-45A8-B581-29C43F281015}.Release|x86.ActiveCfg = Release|x86
		{A6CFC4EA-4E38-45A8-B581-29C43F281015}.Release|x86.Build.0 = Release|x86
		{2ECDCBB9-0EF6-4E41-BE58-598762DE2D5A}.Debug|Any CPU.ActiveCfg = Debug|Any CPU
		{2ECDCBB9-0EF6-4E41-BE58-598762DE2D5A}.Debug|Any CPU.Build.0 = Debug|Any CPU
		{2ECDCBB9-0EF6-4E41-BE58-598762DE2D5A}.Debug|x64.ActiveCfg = Debug|Any CPU
		{2ECDCBB9-0EF6-4E41-BE58-598762DE2D5A}.Debug|x64.Build.0 = Debug|Any CPU
		{2ECDCBB9-0EF6-4E41-BE58-598762DE2D5A}.Debug|x86.ActiveCfg = Debug|x86
		{2ECDCBB9-0EF6-4E41-BE58-598762DE2D5A}.Debug|x86.Build.0 = Debug|x86
		{2ECDCBB9-0EF6-4E41-BE58-598762DE2D5A}.Release|Any CPU.ActiveCfg = Release|Any CPU
		{2ECDCBB9-0EF6-4E41-BE58-598762DE2D5A}.Release|Any CPU.Build.0 = Release|Any CPU
		{2ECDCBB9-0EF6-4E41-BE58-598762DE2D5A}.Release|x64.ActiveCfg = Release|Any CPU
		{2ECDCBB9-0EF6-4E41-BE58-598762DE2D5A}.Release|x64.Build.0 = Release|Any CPU
		{2ECDCBB9-0EF6-4E41-BE58-598762DE2D5A}.Release|x86.ActiveCfg = Release|x86
		{2ECDCBB9-0EF6-4E41-BE58-598762DE2D5A}.Release|x86.Build.0 = Release|x86
		{CE8DD214-8766-4D44-808A-B318FF07F473}.Debug|Any CPU.ActiveCfg = Debug|Any CPU
		{CE8DD214-8766-4D44-808A-B318FF07F473}.Debug|Any CPU.Build.0 = Debug|Any CPU
		{CE8DD214-8766-4D44-808A-B318FF07F473}.Debug|x64.ActiveCfg = Debug|Any CPU
		{CE8DD214-8766-4D44-808A-B318FF07F473}.Debug|x64.Build.0 = Debug|Any CPU
		{CE8DD214-8766-4D44-808A-B318FF07F473}.Debug|x86.ActiveCfg = Debug|x86
		{CE8DD214-8766-4D44-808A-B318FF07F473}.Debug|x86.Build.0 = Debug|x86
		{CE8DD214-8766-4D44-808A-B318FF07F473}.Release|Any CPU.ActiveCfg = Release|Any CPU
		{CE8DD214-8766-4D44-808A-B318FF07F473}.Release|Any CPU.Build.0 = Release|Any CPU
		{CE8DD214-8766-4D44-808A-B318FF07F473}.Release|x64.ActiveCfg = Release|Any CPU
		{CE8DD214-8766-4D44-808A-B318FF07F473}.Release|x64.Build.0 = Release|Any CPU
		{CE8DD214-8766-4D44-808A-B318FF07F473}.Release|x86.ActiveCfg = Release|x86
		{CE8DD214-8766-4D44-808A-B318FF07F473}.Release|x86.Build.0 = Release|x86
		{F03FACE7-4581-4503-9FAB-2709014929A0}.Debug|Any CPU.ActiveCfg = Debug|Any CPU
		{F03FACE7-4581-4503-9FAB-2709014929A0}.Debug|Any CPU.Build.0 = Debug|Any CPU
		{F03FACE7-4581-4503-9FAB-2709014929A0}.Debug|x64.ActiveCfg = Debug|Any CPU
		{F03FACE7-4581-4503-9FAB-2709014929A0}.Debug|x64.Build.0 = Debug|Any CPU
		{F03FACE7-4581-4503-9FAB-2709014929A0}.Debug|x86.ActiveCfg = Debug|x86
		{F03FACE7-4581-4503-9FAB-2709014929A0}.Debug|x86.Build.0 = Debug|x86
		{F03FACE7-4581-4503-9FAB-2709014929A0}.Release|Any CPU.ActiveCfg = Release|Any CPU
		{F03FACE7-4581-4503-9FAB-2709014929A0}.Release|Any CPU.Build.0 = Release|Any CPU
		{F03FACE7-4581-4503-9FAB-2709014929A0}.Release|x64.ActiveCfg = Release|Any CPU
		{F03FACE7-4581-4503-9FAB-2709014929A0}.Release|x64.Build.0 = Release|Any CPU
		{F03FACE7-4581-4503-9FAB-2709014929A0}.Release|x86.ActiveCfg = Release|x86
		{F03FACE7-4581-4503-9FAB-2709014929A0}.Release|x86.Build.0 = Release|x86
		{B262BB17-0012-4818-BD7C-07F24BF3081A}.Debug|Any CPU.ActiveCfg = Debug|Any CPU
		{B262BB17-0012-4818-BD7C-07F24BF3081A}.Debug|Any CPU.Build.0 = Debug|Any CPU
		{B262BB17-0012-4818-BD7C-07F24BF3081A}.Debug|x64.ActiveCfg = Debug|Any CPU
		{B262BB17-0012-4818-BD7C-07F24BF3081A}.Debug|x64.Build.0 = Debug|Any CPU
		{B262BB17-0012-4818-BD7C-07F24BF3081A}.Debug|x86.ActiveCfg = Debug|x86
		{B262BB17-0012-4818-BD7C-07F24BF3081A}.Debug|x86.Build.0 = Debug|x86
		{B262BB17-0012-4818-BD7C-07F24BF3081A}.Release|Any CPU.ActiveCfg = Release|Any CPU
		{B262BB17-0012-4818-BD7C-07F24BF3081A}.Release|Any CPU.Build.0 = Release|Any CPU
		{B262BB17-0012-4818-BD7C-07F24BF3081A}.Release|x64.ActiveCfg = Release|Any CPU
		{B262BB17-0012-4818-BD7C-07F24BF3081A}.Release|x64.Build.0 = Release|Any CPU
		{B262BB17-0012-4818-BD7C-07F24BF3081A}.Release|x86.ActiveCfg = Release|x86
		{B262BB17-0012-4818-BD7C-07F24BF3081A}.Release|x86.Build.0 = Release|x86
		{A3F381C7-706D-4D68-A40E-DB640018B83D}.Debug|Any CPU.ActiveCfg = Debug|Any CPU
		{A3F381C7-706D-4D68-A40E-DB640018B83D}.Debug|Any CPU.Build.0 = Debug|Any CPU
		{A3F381C7-706D-4D68-A40E-DB640018B83D}.Debug|x64.ActiveCfg = Debug|Any CPU
		{A3F381C7-706D-4D68-A40E-DB640018B83D}.Debug|x64.Build.0 = Debug|Any CPU
		{A3F381C7-706D-4D68-A40E-DB640018B83D}.Debug|x86.ActiveCfg = Debug|x86
		{A3F381C7-706D-4D68-A40E-DB640018B83D}.Debug|x86.Build.0 = Debug|x86
		{A3F381C7-706D-4D68-A40E-DB640018B83D}.Release|Any CPU.ActiveCfg = Release|Any CPU
		{A3F381C7-706D-4D68-A40E-DB640018B83D}.Release|Any CPU.Build.0 = Release|Any CPU
		{A3F381C7-706D-4D68-A40E-DB640018B83D}.Release|x64.ActiveCfg = Release|Any CPU
		{A3F381C7-706D-4D68-A40E-DB640018B83D}.Release|x64.Build.0 = Release|Any CPU
		{A3F381C7-706D-4D68-A40E-DB640018B83D}.Release|x86.ActiveCfg = Release|x86
		{A3F381C7-706D-4D68-A40E-DB640018B83D}.Release|x86.Build.0 = Release|x86
		{9C2CFE13-267B-416A-84A7-4202CE8157F9}.Debug|Any CPU.ActiveCfg = Debug|Any CPU
		{9C2CFE13-267B-416A-84A7-4202CE8157F9}.Debug|Any CPU.Build.0 = Debug|Any CPU
		{9C2CFE13-267B-416A-84A7-4202CE8157F9}.Debug|x64.ActiveCfg = Debug|Any CPU
		{9C2CFE13-267B-416A-84A7-4202CE8157F9}.Debug|x64.Build.0 = Debug|Any CPU
		{9C2CFE13-267B-416A-84A7-4202CE8157F9}.Debug|x86.ActiveCfg = Debug|x86
		{9C2CFE13-267B-416A-84A7-4202CE8157F9}.Debug|x86.Build.0 = Debug|x86
		{9C2CFE13-267B-416A-84A7-4202CE8157F9}.Release|Any CPU.ActiveCfg = Release|Any CPU
		{9C2CFE13-267B-416A-84A7-4202CE8157F9}.Release|Any CPU.Build.0 = Release|Any CPU
		{9C2CFE13-267B-416A-84A7-4202CE8157F9}.Release|x64.ActiveCfg = Release|Any CPU
		{9C2CFE13-267B-416A-84A7-4202CE8157F9}.Release|x64.Build.0 = Release|Any CPU
		{9C2CFE13-267B-416A-84A7-4202CE8157F9}.Release|x86.ActiveCfg = Release|x86
		{9C2CFE13-267B-416A-84A7-4202CE8157F9}.Release|x86.Build.0 = Release|x86
		{B876C818-77FD-46AB-8A63-A18598483998}.Debug|Any CPU.ActiveCfg = Debug|Any CPU
		{B876C818-77FD-46AB-8A63-A18598483998}.Debug|Any CPU.Build.0 = Debug|Any CPU
		{B876C818-77FD-46AB-8A63-A18598483998}.Debug|x64.ActiveCfg = Debug|Any CPU
		{B876C818-77FD-46AB-8A63-A18598483998}.Debug|x64.Build.0 = Debug|Any CPU
		{B876C818-77FD-46AB-8A63-A18598483998}.Debug|x86.ActiveCfg = Debug|x86
		{B876C818-77FD-46AB-8A63-A18598483998}.Debug|x86.Build.0 = Debug|x86
		{B876C818-77FD-46AB-8A63-A18598483998}.Release|Any CPU.ActiveCfg = Release|Any CPU
		{B876C818-77FD-46AB-8A63-A18598483998}.Release|Any CPU.Build.0 = Release|Any CPU
		{B876C818-77FD-46AB-8A63-A18598483998}.Release|x64.ActiveCfg = Release|Any CPU
		{B876C818-77FD-46AB-8A63-A18598483998}.Release|x64.Build.0 = Release|Any CPU
		{B876C818-77FD-46AB-8A63-A18598483998}.Release|x86.ActiveCfg = Release|x86
		{B876C818-77FD-46AB-8A63-A18598483998}.Release|x86.Build.0 = Release|x86
		{7650CB6E-5553-4BC3-9A2D-81DF437A851A}.Debug|Any CPU.ActiveCfg = Debug|Any CPU
		{7650CB6E-5553-4BC3-9A2D-81DF437A851A}.Debug|Any CPU.Build.0 = Debug|Any CPU
		{7650CB6E-5553-4BC3-9A2D-81DF437A851A}.Debug|x64.ActiveCfg = Debug|Any CPU
		{7650CB6E-5553-4BC3-9A2D-81DF437A851A}.Debug|x64.Build.0 = Debug|Any CPU
		{7650CB6E-5553-4BC3-9A2D-81DF437A851A}.Debug|x86.ActiveCfg = Debug|x86
		{7650CB6E-5553-4BC3-9A2D-81DF437A851A}.Debug|x86.Build.0 = Debug|x86
		{7650CB6E-5553-4BC3-9A2D-81DF437A851A}.Release|Any CPU.ActiveCfg = Release|Any CPU
		{7650CB6E-5553-4BC3-9A2D-81DF437A851A}.Release|Any CPU.Build.0 = Release|Any CPU
		{7650CB6E-5553-4BC3-9A2D-81DF437A851A}.Release|x64.ActiveCfg = Release|Any CPU
		{7650CB6E-5553-4BC3-9A2D-81DF437A851A}.Release|x64.Build.0 = Release|Any CPU
		{7650CB6E-5553-4BC3-9A2D-81DF437A851A}.Release|x86.ActiveCfg = Release|x86
		{7650CB6E-5553-4BC3-9A2D-81DF437A851A}.Release|x86.Build.0 = Release|x86
		{6EFCD999-6C4B-490B-BF4E-7D99D77DBEFA}.Debug|Any CPU.ActiveCfg = Debug|Any CPU
		{6EFCD999-6C4B-490B-BF4E-7D99D77DBEFA}.Debug|Any CPU.Build.0 = Debug|Any CPU
		{6EFCD999-6C4B-490B-BF4E-7D99D77DBEFA}.Debug|x64.ActiveCfg = Debug|Any CPU
		{6EFCD999-6C4B-490B-BF4E-7D99D77DBEFA}.Debug|x64.Build.0 = Debug|Any CPU
		{6EFCD999-6C4B-490B-BF4E-7D99D77DBEFA}.Debug|x86.ActiveCfg = Debug|x86
		{6EFCD999-6C4B-490B-BF4E-7D99D77DBEFA}.Debug|x86.Build.0 = Debug|x86
		{6EFCD999-6C4B-490B-BF4E-7D99D77DBEFA}.Release|Any CPU.ActiveCfg = Release|Any CPU
		{6EFCD999-6C4B-490B-BF4E-7D99D77DBEFA}.Release|Any CPU.Build.0 = Release|Any CPU
		{6EFCD999-6C4B-490B-BF4E-7D99D77DBEFA}.Release|x64.ActiveCfg = Release|Any CPU
		{6EFCD999-6C4B-490B-BF4E-7D99D77DBEFA}.Release|x64.Build.0 = Release|Any CPU
		{6EFCD999-6C4B-490B-BF4E-7D99D77DBEFA}.Release|x86.ActiveCfg = Release|x86
		{6EFCD999-6C4B-490B-BF4E-7D99D77DBEFA}.Release|x86.Build.0 = Release|x86
		{C7EA48B2-AE9B-485A-BED0-B063BF27D386}.Debug|Any CPU.ActiveCfg = Debug|Any CPU
		{C7EA48B2-AE9B-485A-BED0-B063BF27D386}.Debug|Any CPU.Build.0 = Debug|Any CPU
		{C7EA48B2-AE9B-485A-BED0-B063BF27D386}.Debug|x64.ActiveCfg = Debug|Any CPU
		{C7EA48B2-AE9B-485A-BED0-B063BF27D386}.Debug|x64.Build.0 = Debug|Any CPU
		{C7EA48B2-AE9B-485A-BED0-B063BF27D386}.Debug|x86.ActiveCfg = Debug|x86
		{C7EA48B2-AE9B-485A-BED0-B063BF27D386}.Debug|x86.Build.0 = Debug|x86
		{C7EA48B2-AE9B-485A-BED0-B063BF27D386}.Release|Any CPU.ActiveCfg = Release|Any CPU
		{C7EA48B2-AE9B-485A-BED0-B063BF27D386}.Release|Any CPU.Build.0 = Release|Any CPU
		{C7EA48B2-AE9B-485A-BED0-B063BF27D386}.Release|x64.ActiveCfg = Release|Any CPU
		{C7EA48B2-AE9B-485A-BED0-B063BF27D386}.Release|x64.Build.0 = Release|Any CPU
		{C7EA48B2-AE9B-485A-BED0-B063BF27D386}.Release|x86.ActiveCfg = Release|x86
		{C7EA48B2-AE9B-485A-BED0-B063BF27D386}.Release|x86.Build.0 = Release|x86
		{086BD201-9B22-49F7-AF00-FAD9AE0A2831}.Debug|Any CPU.ActiveCfg = Debug|Any CPU
		{086BD201-9B22-49F7-AF00-FAD9AE0A2831}.Debug|Any CPU.Build.0 = Debug|Any CPU
		{086BD201-9B22-49F7-AF00-FAD9AE0A2831}.Debug|x64.ActiveCfg = Debug|Any CPU
		{086BD201-9B22-49F7-AF00-FAD9AE0A2831}.Debug|x64.Build.0 = Debug|Any CPU
		{086BD201-9B22-49F7-AF00-FAD9AE0A2831}.Debug|x86.ActiveCfg = Debug|x86
		{086BD201-9B22-49F7-AF00-FAD9AE0A2831}.Debug|x86.Build.0 = Debug|x86
		{086BD201-9B22-49F7-AF00-FAD9AE0A2831}.Release|Any CPU.ActiveCfg = Release|Any CPU
		{086BD201-9B22-49F7-AF00-FAD9AE0A2831}.Release|Any CPU.Build.0 = Release|Any CPU
		{086BD201-9B22-49F7-AF00-FAD9AE0A2831}.Release|x64.ActiveCfg = Release|Any CPU
		{086BD201-9B22-49F7-AF00-FAD9AE0A2831}.Release|x64.Build.0 = Release|Any CPU
		{086BD201-9B22-49F7-AF00-FAD9AE0A2831}.Release|x86.ActiveCfg = Release|x86
		{086BD201-9B22-49F7-AF00-FAD9AE0A2831}.Release|x86.Build.0 = Release|x86
		{21B361CB-3C5D-4EED-9BD0-663F49BA1486}.Debug|Any CPU.ActiveCfg = Debug|Any CPU
		{21B361CB-3C5D-4EED-9BD0-663F49BA1486}.Debug|Any CPU.Build.0 = Debug|Any CPU
		{21B361CB-3C5D-4EED-9BD0-663F49BA1486}.Debug|x64.ActiveCfg = Debug|Any CPU
		{21B361CB-3C5D-4EED-9BD0-663F49BA1486}.Debug|x64.Build.0 = Debug|Any CPU
		{21B361CB-3C5D-4EED-9BD0-663F49BA1486}.Debug|x86.ActiveCfg = Debug|x86
		{21B361CB-3C5D-4EED-9BD0-663F49BA1486}.Debug|x86.Build.0 = Debug|x86
		{21B361CB-3C5D-4EED-9BD0-663F49BA1486}.Release|Any CPU.ActiveCfg = Release|Any CPU
		{21B361CB-3C5D-4EED-9BD0-663F49BA1486}.Release|Any CPU.Build.0 = Release|Any CPU
		{21B361CB-3C5D-4EED-9BD0-663F49BA1486}.Release|x64.ActiveCfg = Release|Any CPU
		{21B361CB-3C5D-4EED-9BD0-663F49BA1486}.Release|x64.Build.0 = Release|Any CPU
		{21B361CB-3C5D-4EED-9BD0-663F49BA1486}.Release|x86.ActiveCfg = Release|x86
		{21B361CB-3C5D-4EED-9BD0-663F49BA1486}.Release|x86.Build.0 = Release|x86
		{06B5C277-B682-4FF2-875D-186F6B8B84A0}.Debug|Any CPU.ActiveCfg = Debug|Any CPU
		{06B5C277-B682-4FF2-875D-186F6B8B84A0}.Debug|Any CPU.Build.0 = Debug|Any CPU
		{06B5C277-B682-4FF2-875D-186F6B8B84A0}.Debug|x64.ActiveCfg = Debug|Any CPU
		{06B5C277-B682-4FF2-875D-186F6B8B84A0}.Debug|x64.Build.0 = Debug|Any CPU
		{06B5C277-B682-4FF2-875D-186F6B8B84A0}.Debug|x86.ActiveCfg = Debug|x86
		{06B5C277-B682-4FF2-875D-186F6B8B84A0}.Debug|x86.Build.0 = Debug|x86
		{06B5C277-B682-4FF2-875D-186F6B8B84A0}.Release|Any CPU.ActiveCfg = Release|Any CPU
		{06B5C277-B682-4FF2-875D-186F6B8B84A0}.Release|Any CPU.Build.0 = Release|Any CPU
		{06B5C277-B682-4FF2-875D-186F6B8B84A0}.Release|x64.ActiveCfg = Release|Any CPU
		{06B5C277-B682-4FF2-875D-186F6B8B84A0}.Release|x64.Build.0 = Release|Any CPU
		{06B5C277-B682-4FF2-875D-186F6B8B84A0}.Release|x86.ActiveCfg = Release|x86
		{06B5C277-B682-4FF2-875D-186F6B8B84A0}.Release|x86.Build.0 = Release|x86
		{D437A5C8-5D7D-4730-A23F-1E18979F9F0D}.Debug|Any CPU.ActiveCfg = Debug|Any CPU
		{D437A5C8-5D7D-4730-A23F-1E18979F9F0D}.Debug|Any CPU.Build.0 = Debug|Any CPU
		{D437A5C8-5D7D-4730-A23F-1E18979F9F0D}.Debug|x64.ActiveCfg = Debug|Any CPU
		{D437A5C8-5D7D-4730-A23F-1E18979F9F0D}.Debug|x64.Build.0 = Debug|Any CPU
		{D437A5C8-5D7D-4730-A23F-1E18979F9F0D}.Debug|x86.ActiveCfg = Debug|x86
		{D437A5C8-5D7D-4730-A23F-1E18979F9F0D}.Debug|x86.Build.0 = Debug|x86
		{D437A5C8-5D7D-4730-A23F-1E18979F9F0D}.Release|Any CPU.ActiveCfg = Release|Any CPU
		{D437A5C8-5D7D-4730-A23F-1E18979F9F0D}.Release|Any CPU.Build.0 = Release|Any CPU
		{D437A5C8-5D7D-4730-A23F-1E18979F9F0D}.Release|x64.ActiveCfg = Release|Any CPU
		{D437A5C8-5D7D-4730-A23F-1E18979F9F0D}.Release|x64.Build.0 = Release|Any CPU
		{D437A5C8-5D7D-4730-A23F-1E18979F9F0D}.Release|x86.ActiveCfg = Release|x86
		{D437A5C8-5D7D-4730-A23F-1E18979F9F0D}.Release|x86.Build.0 = Release|x86
		{2C5BF4C2-77DE-47B3-85A0-0B0B96280485}.Debug|Any CPU.ActiveCfg = Debug|Any CPU
		{2C5BF4C2-77DE-47B3-85A0-0B0B96280485}.Debug|Any CPU.Build.0 = Debug|Any CPU
		{2C5BF4C2-77DE-47B3-85A0-0B0B96280485}.Debug|x64.ActiveCfg = Debug|Any CPU
		{2C5BF4C2-77DE-47B3-85A0-0B0B96280485}.Debug|x64.Build.0 = Debug|Any CPU
		{2C5BF4C2-77DE-47B3-85A0-0B0B96280485}.Debug|x86.ActiveCfg = Debug|x86
		{2C5BF4C2-77DE-47B3-85A0-0B0B96280485}.Debug|x86.Build.0 = Debug|x86
		{2C5BF4C2-77DE-47B3-85A0-0B0B96280485}.Release|Any CPU.ActiveCfg = Release|Any CPU
		{2C5BF4C2-77DE-47B3-85A0-0B0B96280485}.Release|Any CPU.Build.0 = Release|Any CPU
		{2C5BF4C2-77DE-47B3-85A0-0B0B96280485}.Release|x64.ActiveCfg = Release|Any CPU
		{2C5BF4C2-77DE-47B3-85A0-0B0B96280485}.Release|x64.Build.0 = Release|Any CPU
		{2C5BF4C2-77DE-47B3-85A0-0B0B96280485}.Release|x86.ActiveCfg = Release|x86
		{2C5BF4C2-77DE-47B3-85A0-0B0B96280485}.Release|x86.Build.0 = Release|x86
		{A992B52E-E7E0-47D0-A006-6974B08BC525}.Debug|Any CPU.ActiveCfg = Debug|Any CPU
		{A992B52E-E7E0-47D0-A006-6974B08BC525}.Debug|Any CPU.Build.0 = Debug|Any CPU
		{A992B52E-E7E0-47D0-A006-6974B08BC525}.Debug|x64.ActiveCfg = Debug|x64
		{A992B52E-E7E0-47D0-A006-6974B08BC525}.Debug|x64.Build.0 = Debug|x64
		{A992B52E-E7E0-47D0-A006-6974B08BC525}.Debug|x86.ActiveCfg = Debug|x86
		{A992B52E-E7E0-47D0-A006-6974B08BC525}.Debug|x86.Build.0 = Debug|x86
		{A992B52E-E7E0-47D0-A006-6974B08BC525}.Release|Any CPU.ActiveCfg = Release|Any CPU
		{A992B52E-E7E0-47D0-A006-6974B08BC525}.Release|Any CPU.Build.0 = Release|Any CPU
		{A992B52E-E7E0-47D0-A006-6974B08BC525}.Release|x64.ActiveCfg = Release|Any CPU
		{A992B52E-E7E0-47D0-A006-6974B08BC525}.Release|x64.Build.0 = Release|Any CPU
		{A992B52E-E7E0-47D0-A006-6974B08BC525}.Release|x86.ActiveCfg = Release|x86
		{A992B52E-E7E0-47D0-A006-6974B08BC525}.Release|x86.Build.0 = Release|x86
		{C6D48863-5640-4BF3-9E0F-B6E992D57847}.Debug|Any CPU.ActiveCfg = Debug|Any CPU
		{C6D48863-5640-4BF3-9E0F-B6E992D57847}.Debug|Any CPU.Build.0 = Debug|Any CPU
		{C6D48863-5640-4BF3-9E0F-B6E992D57847}.Debug|x64.ActiveCfg = Debug|Any CPU
		{C6D48863-5640-4BF3-9E0F-B6E992D57847}.Debug|x64.Build.0 = Debug|Any CPU
		{C6D48863-5640-4BF3-9E0F-B6E992D57847}.Debug|x86.ActiveCfg = Debug|x86
		{C6D48863-5640-4BF3-9E0F-B6E992D57847}.Debug|x86.Build.0 = Debug|x86
		{C6D48863-5640-4BF3-9E0F-B6E992D57847}.Release|Any CPU.ActiveCfg = Release|Any CPU
		{C6D48863-5640-4BF3-9E0F-B6E992D57847}.Release|Any CPU.Build.0 = Release|Any CPU
		{C6D48863-5640-4BF3-9E0F-B6E992D57847}.Release|x64.ActiveCfg = Release|Any CPU
		{C6D48863-5640-4BF3-9E0F-B6E992D57847}.Release|x64.Build.0 = Release|Any CPU
		{C6D48863-5640-4BF3-9E0F-B6E992D57847}.Release|x86.ActiveCfg = Release|x86
		{C6D48863-5640-4BF3-9E0F-B6E992D57847}.Release|x86.Build.0 = Release|x86
		{8C4D9078-F936-4131-AB9A-8AD790FB1D61}.Debug|Any CPU.ActiveCfg = Debug|Any CPU
		{8C4D9078-F936-4131-AB9A-8AD790FB1D61}.Debug|Any CPU.Build.0 = Debug|Any CPU
		{8C4D9078-F936-4131-AB9A-8AD790FB1D61}.Debug|x64.ActiveCfg = Debug|Any CPU
		{8C4D9078-F936-4131-AB9A-8AD790FB1D61}.Debug|x64.Build.0 = Debug|Any CPU
		{8C4D9078-F936-4131-AB9A-8AD790FB1D61}.Debug|x86.ActiveCfg = Debug|x86
		{8C4D9078-F936-4131-AB9A-8AD790FB1D61}.Debug|x86.Build.0 = Debug|x86
		{8C4D9078-F936-4131-AB9A-8AD790FB1D61}.Release|Any CPU.ActiveCfg = Release|Any CPU
		{8C4D9078-F936-4131-AB9A-8AD790FB1D61}.Release|Any CPU.Build.0 = Release|Any CPU
		{8C4D9078-F936-4131-AB9A-8AD790FB1D61}.Release|x64.ActiveCfg = Release|Any CPU
		{8C4D9078-F936-4131-AB9A-8AD790FB1D61}.Release|x64.Build.0 = Release|Any CPU
		{8C4D9078-F936-4131-AB9A-8AD790FB1D61}.Release|x86.ActiveCfg = Release|x86
		{8C4D9078-F936-4131-AB9A-8AD790FB1D61}.Release|x86.Build.0 = Release|x86
		{DC253F1A-2194-4415-8F1D-104CCA4056BF}.Debug|Any CPU.ActiveCfg = Debug|Any CPU
		{DC253F1A-2194-4415-8F1D-104CCA4056BF}.Debug|Any CPU.Build.0 = Debug|Any CPU
		{DC253F1A-2194-4415-8F1D-104CCA4056BF}.Debug|x64.ActiveCfg = Debug|Any CPU
		{DC253F1A-2194-4415-8F1D-104CCA4056BF}.Debug|x64.Build.0 = Debug|Any CPU
		{DC253F1A-2194-4415-8F1D-104CCA4056BF}.Debug|x86.ActiveCfg = Debug|x86
		{DC253F1A-2194-4415-8F1D-104CCA4056BF}.Debug|x86.Build.0 = Debug|x86
		{DC253F1A-2194-4415-8F1D-104CCA4056BF}.Release|Any CPU.ActiveCfg = Release|Any CPU
		{DC253F1A-2194-4415-8F1D-104CCA4056BF}.Release|Any CPU.Build.0 = Release|Any CPU
		{DC253F1A-2194-4415-8F1D-104CCA4056BF}.Release|x64.ActiveCfg = Release|Any CPU
		{DC253F1A-2194-4415-8F1D-104CCA4056BF}.Release|x64.Build.0 = Release|Any CPU
		{DC253F1A-2194-4415-8F1D-104CCA4056BF}.Release|x86.ActiveCfg = Release|x86
		{DC253F1A-2194-4415-8F1D-104CCA4056BF}.Release|x86.Build.0 = Release|x86
		{3018040A-84B3-4BCA-95E1-CDA70A778205}.Debug|Any CPU.ActiveCfg = Debug|Any CPU
		{3018040A-84B3-4BCA-95E1-CDA70A778205}.Debug|Any CPU.Build.0 = Debug|Any CPU
		{3018040A-84B3-4BCA-95E1-CDA70A778205}.Debug|x64.ActiveCfg = Debug|Any CPU
		{3018040A-84B3-4BCA-95E1-CDA70A778205}.Debug|x64.Build.0 = Debug|Any CPU
		{3018040A-84B3-4BCA-95E1-CDA70A778205}.Debug|x86.ActiveCfg = Debug|x86
		{3018040A-84B3-4BCA-95E1-CDA70A778205}.Debug|x86.Build.0 = Debug|x86
		{3018040A-84B3-4BCA-95E1-CDA70A778205}.Release|Any CPU.ActiveCfg = Release|Any CPU
		{3018040A-84B3-4BCA-95E1-CDA70A778205}.Release|Any CPU.Build.0 = Release|Any CPU
		{3018040A-84B3-4BCA-95E1-CDA70A778205}.Release|x64.ActiveCfg = Release|Any CPU
		{3018040A-84B3-4BCA-95E1-CDA70A778205}.Release|x64.Build.0 = Release|Any CPU
		{3018040A-84B3-4BCA-95E1-CDA70A778205}.Release|x86.ActiveCfg = Release|x86
		{3018040A-84B3-4BCA-95E1-CDA70A778205}.Release|x86.Build.0 = Release|x86
		{7DC26659-FCE1-4C79-9945-BD6781840680}.Debug|Any CPU.ActiveCfg = Debug|Any CPU
		{7DC26659-FCE1-4C79-9945-BD6781840680}.Debug|Any CPU.Build.0 = Debug|Any CPU
		{7DC26659-FCE1-4C79-9945-BD6781840680}.Debug|x64.ActiveCfg = Debug|Any CPU
		{7DC26659-FCE1-4C79-9945-BD6781840680}.Debug|x64.Build.0 = Debug|Any CPU
		{7DC26659-FCE1-4C79-9945-BD6781840680}.Debug|x86.ActiveCfg = Debug|x86
		{7DC26659-FCE1-4C79-9945-BD6781840680}.Debug|x86.Build.0 = Debug|x86
		{7DC26659-FCE1-4C79-9945-BD6781840680}.Release|Any CPU.ActiveCfg = Release|Any CPU
		{7DC26659-FCE1-4C79-9945-BD6781840680}.Release|Any CPU.Build.0 = Release|Any CPU
		{7DC26659-FCE1-4C79-9945-BD6781840680}.Release|x64.ActiveCfg = Release|Any CPU
		{7DC26659-FCE1-4C79-9945-BD6781840680}.Release|x64.Build.0 = Release|Any CPU
		{7DC26659-FCE1-4C79-9945-BD6781840680}.Release|x86.ActiveCfg = Release|x86
		{7DC26659-FCE1-4C79-9945-BD6781840680}.Release|x86.Build.0 = Release|x86
		{8AE0B3D9-578E-4D1F-AD10-01D759AB227D}.Debug|Any CPU.ActiveCfg = Debug
		{8AE0B3D9-578E-4D1F-AD10-01D759AB227D}.Debug|x64.ActiveCfg = Debug
		{8AE0B3D9-578E-4D1F-AD10-01D759AB227D}.Debug|x64.Build.0 = Debug
		{8AE0B3D9-578E-4D1F-AD10-01D759AB227D}.Debug|x86.ActiveCfg = Debug
		{8AE0B3D9-578E-4D1F-AD10-01D759AB227D}.Debug|x86.Build.0 = Debug
		{8AE0B3D9-578E-4D1F-AD10-01D759AB227D}.Release|Any CPU.ActiveCfg = Release
		{8AE0B3D9-578E-4D1F-AD10-01D759AB227D}.Release|x64.ActiveCfg = Release
		{8AE0B3D9-578E-4D1F-AD10-01D759AB227D}.Release|x64.Build.0 = Release
		{8AE0B3D9-578E-4D1F-AD10-01D759AB227D}.Release|x86.ActiveCfg = Release
		{8AE0B3D9-578E-4D1F-AD10-01D759AB227D}.Release|x86.Build.0 = Release
	EndGlobalSection
	GlobalSection(SolutionProperties) = preSolution
		HideSolutionNode = FALSE
	EndGlobalSection
	GlobalSection(NestedProjects) = preSolution
		{61FD54A0-497F-4390-B847-D221B62CAB80} = {06249135-D9E5-4CFA-90BB-B6861ADA76D9}
		{70DAF9B0-67D2-43F3-88C8-194B627876B6} = {65732B12-10E4-45F7-B722-5283C8439795}
		{F828BFD2-A098-436F-B679-6E9904A33867} = {A38FA85C-F983-4BA9-9827-73DB236D7991}
		{A6CFC4EA-4E38-45A8-B581-29C43F281015} = {C8A5BB78-FCC3-48EB-9F92-CE25CE981E3C}
		{2ECDCBB9-0EF6-4E41-BE58-598762DE2D5A} = {70DAF9B0-67D2-43F3-88C8-194B627876B6}
		{CE8DD214-8766-4D44-808A-B318FF07F473} = {70DAF9B0-67D2-43F3-88C8-194B627876B6}
		{F03FACE7-4581-4503-9FAB-2709014929A0} = {70DAF9B0-67D2-43F3-88C8-194B627876B6}
		{B262BB17-0012-4818-BD7C-07F24BF3081A} = {70DAF9B0-67D2-43F3-88C8-194B627876B6}
		{A3F381C7-706D-4D68-A40E-DB640018B83D} = {70DAF9B0-67D2-43F3-88C8-194B627876B6}
		{9C2CFE13-267B-416A-84A7-4202CE8157F9} = {70DAF9B0-67D2-43F3-88C8-194B627876B6}
		{B876C818-77FD-46AB-8A63-A18598483998} = {65732B12-10E4-45F7-B722-5283C8439795}
		{7650CB6E-5553-4BC3-9A2D-81DF437A851A} = {70DAF9B0-67D2-43F3-88C8-194B627876B6}
		{6EFCD999-6C4B-490B-BF4E-7D99D77DBEFA} = {70DAF9B0-67D2-43F3-88C8-194B627876B6}
		{C7EA48B2-AE9B-485A-BED0-B063BF27D386} = {70DAF9B0-67D2-43F3-88C8-194B627876B6}
		{086BD201-9B22-49F7-AF00-FAD9AE0A2831} = {70DAF9B0-67D2-43F3-88C8-194B627876B6}
		{21B361CB-3C5D-4EED-9BD0-663F49BA1486} = {70DAF9B0-67D2-43F3-88C8-194B627876B6}
		{06B5C277-B682-4FF2-875D-186F6B8B84A0} = {70DAF9B0-67D2-43F3-88C8-194B627876B6}
		{D437A5C8-5D7D-4730-A23F-1E18979F9F0D} = {70DAF9B0-67D2-43F3-88C8-194B627876B6}
		{2C5BF4C2-77DE-47B3-85A0-0B0B96280485} = {70DAF9B0-67D2-43F3-88C8-194B627876B6}
		{A992B52E-E7E0-47D0-A006-6974B08BC525} = {65732B12-10E4-45F7-B722-5283C8439795}
		{C6D48863-5640-4BF3-9E0F-B6E992D57847} = {70DAF9B0-67D2-43F3-88C8-194B627876B6}
		{8C4D9078-F936-4131-AB9A-8AD790FB1D61} = {70DAF9B0-67D2-43F3-88C8-194B627876B6}
		{DC253F1A-2194-4415-8F1D-104CCA4056BF} = {70DAF9B0-67D2-43F3-88C8-194B627876B6}
		{3018040A-84B3-4BCA-95E1-CDA70A778205} = {70DAF9B0-67D2-43F3-88C8-194B627876B6}
		{7DC26659-FCE1-4C79-9945-BD6781840680} = {70DAF9B0-67D2-43F3-88C8-194B627876B6}
	EndGlobalSection
	GlobalSection(ExtensibilityGlobals) = postSolution
		SolutionGuid = {6AC8A1E8-429D-4F7D-BDC8-D31E79E47969}
	EndGlobalSection
EndGlobal
